// !$*UTF8*$!
{
	archiveVersion = 1;
	classes = {
	};
	objectVersion = 46;
	objects = {

/* Begin PBXBuildFile section */
		ADD658481DBCACD90049253E /* AppDelegate.swift in Sources */ = {isa = PBXBuildFile; fileRef = ADD658471DBCACD90049253E /* AppDelegate.swift */; };
		ADD6584A1DBCACD90049253E /* ViewController.swift in Sources */ = {isa = PBXBuildFile; fileRef = ADD658491DBCACD90049253E /* ViewController.swift */; };
		ADD6584D1DBCACD90049253E /* Main.storyboard in Resources */ = {isa = PBXBuildFile; fileRef = ADD6584B1DBCACD90049253E /* Main.storyboard */; };
		ADD6584F1DBCACD90049253E /* Assets.xcassets in Resources */ = {isa = PBXBuildFile; fileRef = ADD6584E1DBCACD90049253E /* Assets.xcassets */; };
		ADD658521DBCACD90049253E /* LaunchScreen.storyboard in Resources */ = {isa = PBXBuildFile; fileRef = ADD658501DBCACD90049253E /* LaunchScreen.storyboard */; };
/* End PBXBuildFile section */

/* Begin PBXFileReference section */
		ADD658441DBCACD90049253E /* A&M's.app */ = {isa = PBXFileReference; explicitFileType = wrapper.application; includeInIndex = 0; path = "A&M's.app"; sourceTree = BUILT_PRODUCTS_DIR; };
		ADD658471DBCACD90049253E /* AppDelegate.swift */ = {isa = PBXFileReference; lastKnownFileType = sourcecode.swift; path = AppDelegate.swift; sourceTree = "<group>"; };
		ADD658491DBCACD90049253E /* ViewController.swift */ = {isa = PBXFileReference; lastKnownFileType = sourcecode.swift; path = ViewController.swift; sourceTree = "<group>"; };
		ADD6584C1DBCACD90049253E /* Base */ = {isa = PBXFileReference; lastKnownFileType = file.storyboard; name = Base; path = Base.lproj/Main.storyboard; sourceTree = "<group>"; };
		ADD6584E1DBCACD90049253E /* Assets.xcassets */ = {isa = PBXFileReference; lastKnownFileType = folder.assetcatalog; path = Assets.xcassets; sourceTree = "<group>"; };
		ADD658511DBCACD90049253E /* Base */ = {isa = PBXFileReference; lastKnownFileType = file.storyboard; name = Base; path = Base.lproj/LaunchScreen.storyboard; sourceTree = "<group>"; };
		ADD658531DBCACD90049253E /* Info.plist */ = {isa = PBXFileReference; lastKnownFileType = text.plist.xml; path = Info.plist; sourceTree = "<group>"; };
/* End PBXFileReference section */

/* Begin PBXFrameworksBuildPhase section */
		ADD658411DBCACD90049253E /* Frameworks */ = {
			isa = PBXFrameworksBuildPhase;
			buildActionMask = 2147483647;
			files = (
			);
			runOnlyForDeploymentPostprocessing = 0;
		};
/* End PBXFrameworksBuildPhase section */

/* Begin PBXGroup section */
		ADD6583B1DBCACD90049253E = {
			isa = PBXGroup;
			children = (
				ADD658461DBCACD90049253E /* A&M's */,
				ADD658451DBCACD90049253E /* Products */,
			);
			sourceTree = "<group>";
		};
		ADD658451DBCACD90049253E /* Products */ = {
			isa = PBXGroup;
			children = (
				ADD658441DBCACD90049253E /* A&M's.app */,
			);
			name = Products;
			sourceTree = "<group>";
		};
		ADD658461DBCACD90049253E /* A&M's */ = {
			isa = PBXGroup;
			children = (
				ADD658471DBCACD90049253E /* AppDelegate.swift */,
				ADD658491DBCACD90049253E /* ViewController.swift */,
				ADD6584B1DBCACD90049253E /* Main.storyboard */,
				ADD6584E1DBCACD90049253E /* Assets.xcassets */,
				ADD658501DBCACD90049253E /* LaunchScreen.storyboard */,
				ADD658531DBCACD90049253E /* Info.plist */,
			);
			path = "A&M's";
			sourceTree = "<group>";
		};
/* End PBXGroup section */

/* Begin PBXNativeTarget section */
		ADD658431DBCACD90049253E /* A&M's */ = {
			isa = PBXNativeTarget;
			buildConfigurationList = ADD658561DBCACD90049253E /* Build configuration list for PBXNativeTarget "A&M's" */;
			buildPhases = (
				ADD658401DBCACD90049253E /* Sources */,
				ADD658411DBCACD90049253E /* Frameworks */,
				ADD658421DBCACD90049253E /* Resources */,
			);
			buildRules = (
			);
			dependencies = (
			);
			name = "A&M's";
			productName = "A&M's";
			productReference = ADD658441DBCACD90049253E /* A&M's.app */;
			productType = "com.apple.product-type.application";
		};
/* End PBXNativeTarget section */

/* Begin PBXProject section */
		ADD6583C1DBCACD90049253E /* Project object */ = {
			isa = PBXProject;
			attributes = {
				LastSwiftUpdateCheck = 0800;
				LastUpgradeCheck = 0800;
				ORGANIZATIONNAME = OMLODI;
				TargetAttributes = {
					ADD658431DBCACD90049253E = {
						CreatedOnToolsVersion = 8.0;
						ProvisioningStyle = Automatic;
					};
				};
			};
			buildConfigurationList = ADD6583F1DBCACD90049253E /* Build configuration list for PBXProject "A&M's" */;
			compatibilityVersion = "Xcode 3.2";
			developmentRegion = English;
			hasScannedForEncodings = 0;
			knownRegions = (
				en,
				Base,
			);
			mainGroup = ADD6583B1DBCACD90049253E;
			productRefGroup = ADD658451DBCACD90049253E /* Products */;
			projectDirPath = "";
			projectRoot = "";
			targets = (
				ADD658431DBCACD90049253E /* A&M's */,
			);
		};
/* End PBXProject section */

/* Begin PBXResourcesBuildPhase section */
		ADD658421DBCACD90049253E /* Resources */ = {
			isa = PBXResourcesBuildPhase;
			buildActionMask = 2147483647;
			files = (
				ADD658521DBCACD90049253E /* LaunchScreen.storyboard in Resources */,
				ADD6584F1DBCACD90049253E /* Assets.xcassets in Resources */,
				ADD6584D1DBCACD90049253E /* Main.storyboard in Resources */,
			);
			runOnlyForDeploymentPostprocessing = 0;
		};
/* End PBXResourcesBuildPhase section */

/* Begin PBXSourcesBuildPhase section */
		ADD658401DBCACD90049253E /* Sources */ = {
			isa = PBXSourcesBuildPhase;
			buildActionMask = 2147483647;
			files = (
				ADD6584A1DBCACD90049253E /* ViewController.swift in Sources */,
				ADD658481DBCACD90049253E /* AppDelegate.swift in Sources */,
			);
			runOnlyForDeploymentPostprocessing = 0;
		};
/* End PBXSourcesBuildPhase section */

/* Begin PBXVariantGroup section */
		ADD6584B1DBCACD90049253E /* Main.storyboard */ = {
			isa = PBXVariantGroup;
			children = (
				ADD6584C1DBCACD90049253E /* Base */,
			);
			name = Main.storyboard;
			sourceTree = "<group>";
		};
		ADD658501DBCACD90049253E /* LaunchScreen.storyboard */ = {
			isa = PBXVariantGroup;
			children = (
				ADD658511DBCACD90049253E /* Base */,
			);
			name = LaunchScreen.storyboard;
			sourceTree = "<group>";
		};
/* End PBXVariantGroup section */

/* Begin XCBuildConfiguration section */
		ADD658541DBCACD90049253E /* Debug */ = {
			isa = XCBuildConfiguration;
			buildSettings = {
				ALWAYS_SEARCH_USER_PATHS = NO;
				CLANG_ANALYZER_NONNULL = YES;
				CLANG_CXX_LANGUAGE_STANDARD = "gnu++0x";
				CLANG_CXX_LIBRARY = "libc++";
				CLANG_ENABLE_MODULES = YES;
				CLANG_ENABLE_OBJC_ARC = YES;
				CLANG_WARN_BOOL_CONVERSION = YES;
				CLANG_WARN_CONSTANT_CONVERSION = YES;
				CLANG_WARN_DIRECT_OBJC_ISA_USAGE = YES_ERROR;
				CLANG_WARN_DOCUMENTATION_COMMENTS = YES;
				CLANG_WARN_EMPTY_BODY = YES;
				CLANG_WARN_ENUM_CONVERSION = YES;
				CLANG_WARN_INFINITE_RECURSION = YES;
				CLANG_WARN_INT_CONVERSION = YES;
				CLANG_WARN_OBJC_ROOT_CLASS = YES_ERROR;
				CLANG_WARN_SUSPICIOUS_MOVES = YES;
				CLANG_WARN_UNREACHABLE_CODE = YES;
				CLANG_WARN__DUPLICATE_METHOD_MATCH = YES;
				"CODE_SIGN_IDENTITY[sdk=iphoneos*]" = "iPhone Developer";
				COPY_PHASE_STRIP = NO;
				DEBUG_INFORMATION_FORMAT = dwarf;
				ENABLE_STRICT_OBJC_MSGSEND = YES;
				ENABLE_TESTABILITY = YES;
				GCC_C_LANGUAGE_STANDARD = gnu99;
				GCC_DYNAMIC_NO_PIC = NO;
				GCC_NO_COMMON_BLOCKS = YES;
				GCC_OPTIMIZATION_LEVEL = 0;
				GCC_PREPROCESSOR_DEFINITIONS = (
					"DEBUG=1",
					"$(inherited)",
				);
				GCC_WARN_64_TO_32_BIT_CONVERSION = YES;
				GCC_WARN_ABOUT_RETURN_TYPE = YES_ERROR;
				GCC_WARN_UNDECLARED_SELECTOR = YES;
				GCC_WARN_UNINITIALIZED_AUTOS = YES_AGGRESSIVE;
				GCC_WARN_UNUSED_FUNCTION = YES;
				GCC_WARN_UNUSED_VARIABLE = YES;
				IPHONEOS_DEPLOYMENT_TARGET = 10.0;
				MTL_ENABLE_DEBUG_INFO = YES;
				ONLY_ACTIVE_ARCH = YES;
				SDKROOT = iphoneos;
				SWIFT_ACTIVE_COMPILATION_CONDITIONS = DEBUG;
				SWIFT_OPTIMIZATION_LEVEL = "-Onone";
				TARGETED_DEVICE_FAMILY = "1,2";
			};
			name = Debug;
		};
		ADD658551DBCACD90049253E /* Release */ = {
			isa = XCBuildConfiguration;
			buildSettings = {
				ALWAYS_SEARCH_USER_PATHS = NO;
				CLANG_ANALYZER_NONNULL = YES;
				CLANG_CXX_LANGUAGE_STANDARD = "gnu++0x";
				CLANG_CXX_LIBRARY = "libc++";
				CLANG_ENABLE_MODULES = YES;
				CLANG_ENABLE_OBJC_ARC = YES;
				CLANG_WARN_BOOL_CONVERSION = YES;
				CLANG_WARN_CONSTANT_CONVERSION = YES;
				CLANG_WARN_DIRECT_OBJC_ISA_USAGE = YES_ERROR;
				CLANG_WARN_DOCUMENTATION_COMMENTS = YES;
				CLANG_WARN_EMPTY_BODY = YES;
				CLANG_WARN_ENUM_CONVERSION = YES;
				CLANG_WARN_INFINITE_RECURSION = YES;
				CLANG_WARN_INT_CONVERSION = YES;
				CLANG_WARN_OBJC_ROOT_CLASS = YES_ERROR;
				CLANG_WARN_SUSPICIOUS_MOVES = YES;
				CLANG_WARN_UNREACHABLE_CODE = YES;
				CLANG_WARN__DUPLICATE_METHOD_MATCH = YES;
				"CODE_SIGN_IDENTITY[sdk=iphoneos*]" = "iPhone Developer";
				COPY_PHASE_STRIP = NO;
				DEBUG_INFORMATION_FORMAT = "dwarf-with-dsym";
				ENABLE_NS_ASSERTIONS = NO;
				ENABLE_STRICT_OBJC_MSGSEND = YES;
				GCC_C_LANGUAGE_STANDARD = gnu99;
				GCC_NO_COMMON_BLOCKS = YES;
				GCC_WARN_64_TO_32_BIT_CONVERSION = YES;
				GCC_WARN_ABOUT_RETURN_TYPE = YES_ERROR;
				GCC_WARN_UNDECLARED_SELECTOR = YES;
				GCC_WARN_UNINITIALIZED_AUTOS = YES_AGGRESSIVE;
				GCC_WARN_UNUSED_FUNCTION = YES;
				GCC_WARN_UNUSED_VARIABLE = YES;
				IPHONEOS_DEPLOYMENT_TARGET = 10.0;
				MTL_ENABLE_DEBUG_INFO = NO;
				SDKROOT = iphoneos;
				SWIFT_OPTIMIZATION_LEVEL = "-Owholemodule";
				TARGETED_DEVICE_FAMILY = "1,2";
				VALIDATE_PRODUCT = YES;
			};
			name = Release;
		};
		ADD658571DBCACD90049253E /* Debug */ = {
			isa = XCBuildConfiguration;
			buildSettings = {
				ASSETCATALOG_COMPILER_APPICON_NAME = AppIcon;
				INFOPLIST_FILE = "A&M's/Info.plist";
				LD_RUNPATH_SEARCH_PATHS = "$(inherited) @executable_path/Frameworks";
				PRODUCT_BUNDLE_IDENTIFIER = "com.omlodi.A-M-s";
				PRODUCT_NAME = "$(TARGET_NAME)";
				SWIFT_VERSION = 3.0;
			};
			name = Debug;
		};
		ADD658581DBCACD90049253E /* Release */ = {
			isa = XCBuildConfiguration;
			buildSettings = {
				ASSETCATALOG_COMPILER_APPICON_NAME = AppIcon;
				INFOPLIST_FILE = "A&M's/Info.plist";
				LD_RUNPATH_SEARCH_PATHS = "$(inherited) @executable_path/Frameworks";
				PRODUCT_BUNDLE_IDENTIFIER = "com.omlodi.A-M-s";
				PRODUCT_NAME = "$(TARGET_NAME)";
				SWIFT_VERSION = 3.0;
			};
			name = Release;
		};
/* End XCBuildConfiguration section */

/* Begin XCConfigurationList section */
		ADD6583F1DBCACD90049253E /* Build configuration list for PBXProject "A&M's" */ = {
			isa = XCConfigurationList;
			buildConfigurations = (
				ADD658541DBCACD90049253E /* Debug */,
				ADD658551DBCACD90049253E /* Release */,
			);
			defaultConfigurationIsVisible = 0;
			defaultConfigurationName = Release;
		};
		ADD658561DBCACD90049253E /* Build configuration list for PBXNativeTarget "A&M's" */ = {
			isa = XCConfigurationList;
			buildConfigurations = (
				ADD658571DBCACD90049253E /* Debug */,
				ADD658581DBCACD90049253E /* Release */,
			);
			defaultConfigurationIsVisible = 0;
		};
/* End XCConfigurationList section */
	};
	rootObject = ADD6583C1DBCACD90049253E /* Project object */;
}
